Microsoft Visual Studio Solution File, Format Version 12.00
# Visual Studio Version 18
VisualStudioVersion = 18.7.11925.98 stable
MinimumVisualStudioVersion = 10.0.40219.1
Project("{E24C65DC-7377-472B-9ABA-BC803B73C61A}") = "Paises App", ".", "{F54A7D40-A19F-6B77-23AB-2A79DC2EC431}"
	ProjectSection(WebsiteProperties) = preProject
		TargetFrameworkMoniker = ".NETFramework,Version%3D4.7.2"
		Debug.AspNetCompiler.VirtualPath = "/bin"
		Debug.AspNetCompiler.PhysicalPath = "..\VB\"
		Debug.AspNetCompiler.TargetPath = "bin\"
		Debug.AspNetCompiler.Updateable = "true"
		Debug.AspNetCompiler.ForceOverwrite = "true"
		Debug.AspNetCompiler.FixedNames = "false"
		Debug.AspNetCompiler.Debug = "True"
		Release.AspNetCompiler.VirtualPath = "/bin"
		Release.AspNetCompiler.PhysicalPath = "..\VB\"
		Release.AspNetCompiler.TargetPath = "bin\"
		Release.AspNetCompiler.Updateable = "true"
		Release.AspNetCompiler.ForceOverwrite = "true"
		Release.AspNetCompiler.FixedNames = "false"
		Release.AspNetCompiler.Debug = "False"
		VWDPort = "59249"
		SlnRelativePath = "..\VB\"
	EndProjectSection
EndProject
Global
	GlobalSection(SolutionConfigurationPlatforms) = preSolution
		Debug|Any CPU = Debug|Any CPU
		Release|Any CPU = Release|Any CPU
	EndGlobalSection
	GlobalSection(ProjectConfigurationPlatforms) = postSolution
		{F54A7D40-A19F-6B77-23AB-2A79DC2EC431}.Debug|Any CPU.ActiveCfg = Debug|Any CPU
		{F54A7D40-A19F-6B77-23AB-2A79DC2EC431}.Debug|Any CPU.Build.0 = Debug|Any CPU
		{F54A7D40-A19F-6B77-23AB-2A79DC2EC431}.Release|Any CPU.ActiveCfg = Debug|Any CPU
		{F54A7D40-A19F-6B77-23AB-2A79DC2EC431}.Release|Any CPU.Build.0 = Debug|Any CPU
	EndGlobalSection
	GlobalSection(SolutionProperties) = preSolution
		HideSolutionNode = FALSE
	EndGlobalSection
	GlobalSection(ExtensibilityGlobals) = postSolution
		SolutionGuid = {DE316D2D-D911-4AC2-AAD6-B9B752782E22}
	EndGlobalSection
EndGlobal
